
Microsoft Visual Studio Solution File, Format Version 12.00
# Visual Studio Version 17
VisualStudioVersion = 17.2.32630.192
MinimumVisualStudioVersion = 10.0.40219.1
Project("{FAE04EC0-301F-11D3-BF4B-00C04F79EFBC}") = "OpenWeatherMap_API", "OpenWeatherMap_API\OpenWeatherMap_API.csproj", "{BC37F5F0-27F7-4EB9-AD3E-03AC77DF28A2}"
EndProject
Global
	GlobalSection(SolutionConfigurationPlatforms) = preSolution
		Debug|Any CPU = Debug|Any CPU
		Release|Any CPU = Release|Any CPU
	EndGlobalSection
	GlobalSection(ProjectConfigurationPlatforms) = postSolution
		{BC37F5F0-27F7-4EB9-AD3E-03AC77DF28A2}.Debug|Any CPU.ActiveCfg = Debug|Any CPU
		{BC37F5F0-27F7-4EB9-AD3E-03AC77DF28A2}.Debug|Any CPU.Build.0 = Debug|Any CPU
		{BC37F5F0-27F7-4EB9-AD3E-03AC77DF28A2}.Release|Any CPU.ActiveCfg = Release|Any CPU
		{BC37F5F0-27F7-4EB9-AD3E-03AC77DF28A2}.Release|Any CPU.Build.0 = Release|Any CPU
	EndGlobalSection
	GlobalSection(SolutionProperties) = preSolution
		HideSolutionNode = FALSE
	EndGlobalSection
	GlobalSection(ExtensibilityGlobals) = postSolution
		SolutionGuid = {1759FC3E-9DD0-4EE0-AD0D-22D431875287}
	EndGlobalSection
EndGlobal
